lockfileVersion: '9.0'

settings:
  autoInstallPeers: true
  excludeLinksFromLockfile: false

importers:

  .:
    dependencies:
      '@microsoft/kiota-abstractions':
        specifier: ^1.0.0-preview.96
        version: 1.0.0-preview.102
      '@microsoft/kiota-http-fetchlibrary':
        specifier: ^1.0.0-preview.96
        version: 1.0.0-preview.102
      '@microsoft/kiota-serialization-form':
        specifier: ^1.0.0-preview.96
        version: 1.0.0-preview.102
      '@microsoft/kiota-serialization-json':
        specifier: ^1.0.0-preview.96
        version: 1.0.0-preview.102
      '@microsoft/kiota-serialization-multipart':
        specifier: ^1.0.0-preview.96
        version: 1.0.0-preview.102
      '@microsoft/kiota-serialization-text':
        specifier: ^1.0.0-preview.96
        version: 1.0.0-preview.102
    devDependencies:
      typescript:
        specifier: ^5.6.0
        version: 5.9.3

packages:

  '@microsoft/kiota-abstractions@1.0.0-preview.102':
    resolution: {integrity: sha512-WL+S7X+W6zpDO6vFk+FClb5hoUJMV1ZcMHo1H52r2Q49xTuYx9esJqmwh/0EXsftmxKwOOIOoPfO7+Tp5QAddw==}

  '@microsoft/kiota-http-fetchlibrary@1.0.0-preview.102':
    resolution: {integrity: sha512-oXfrPOWkIR2/Gs700n00EY3VDc+Qgz6y7ZiA/f8FHJsnwSjZ017xcWFw2PLzJItczVsad0pq/N5DYnoF6Co11Q==}

  '@microsoft/kiota-serialization-form@1.0.0-preview.102':
    resolution: {integrity: sha512-1w70XAA/F4RgbyNbRAaZCjLAOiKQjdiQDYlNZC9x8g7xgd7tNqYqowt/auQS1A9SZOrT626q6+Gr2xKKyW3wOg==}

  '@microsoft/kiota-serialization-json@1.0.0-preview.102':
    resolution: {integrity: sha512-YpIt5pXNX13ND736oJFf0wBYPAafCv+CAE17Fa1HcS1drCdXx8ELPQ5GxGDbQG7J5LIMDgUtBOUmf5R/FrMQ6A==}

  '@microsoft/kiota-serialization-multipart@1.0.0-preview.102':
    resolution: {integrity: sha512-tjwt0m+8+OqZizZU6gBARTcA8suPYS0onD9IUbhKsvRrAJpBIyp07hnyOTXBgE+gurGGbeT3TTl9AUK2ic6DiA==}

  '@microsoft/kiota-serialization-text@1.0.0-preview.102':
    resolution: {integrity: sha512-ZCihyrXKYGfTz/frqNQvwKsD+EgjhjfclB5/XDrSGNXduisL/f1MbyvjsgmrZnLmtCwX8/v+Mc3vlz716KWYbg==}

  '@opentelemetry/api@1.9.1':
    resolution: {integrity: sha512-gLyJlPHPZYdAk1JENA9LeHejZe1Ti77/pTeFm/nMXmQH/HFZlcS/O2XJB+L8fkbrNSqhdtlvjBVjxwUYanNH5Q==}
    engines: {node: '>=8.0.0'}

  '@std-uritemplate/std-uritemplate@2.0.10':
    resolution: {integrity: sha512-EGxlaZDK+CcvMYzxLWKgQlhNiyGIoznEi/CVnzM1DCiQQh/EwSH0ThvseXJ4g6btu1hvlUZ70SrZD6ahsglXcw==}

  tinyduration@3.4.1:
    resolution: {integrity: sha512-NemFoamVYn7TmtwZKZ3OiliM9fZkr6EWiTM+wKknco6POSy2gS689xx/pXip0JYp40HXpUw6k65CUYHWYUXdaA==}

  tslib@2.8.1:
    resolution: {integrity: sha512-oJFu94HQb+KVduSUQL7wnpmqnfmLsOA/nAh6b6EH0wCEoK0/mPeXU6c3wKDV83MkOuHPRHtSXKKU99IBazS/2w==}

  typescript@5.9.3:
    resolution: {integrity: sha512-jl1vZzPDinLr9eUt3J/t7V6FgNEw9QjvBPdysz9KfQDD41fQrC2Y4vKQdiaUpFT4bXlb1RHhLpp8wtm6M5TgSw==}
    engines: {node: '>=14.17'}
    hasBin: true

snapshots:

  '@microsoft/kiota-abstractions@1.0.0-preview.102':
    dependencies:
      '@opentelemetry/api': 1.9.1
      '@std-uritemplate/std-uritemplate': 2.0.10
      tinyduration: 3.4.1
      tslib: 2.8.1

  '@microsoft/kiota-http-fetchlibrary@1.0.0-preview.102':
    dependencies:
      '@microsoft/kiota-abstractions': 1.0.0-preview.102
      '@opentelemetry/api': 1.9.1
      tslib: 2.8.1

  '@microsoft/kiota-serialization-form@1.0.0-preview.102':
    dependencies:
      '@microsoft/kiota-abstractions': 1.0.0-preview.102
      tslib: 2.8.1

  '@microsoft/kiota-serialization-json@1.0.0-preview.102':
    dependencies:
      '@microsoft/kiota-abstractions': 1.0.0-preview.102
      tslib: 2.8.1

  '@microsoft/kiota-serialization-multipart@1.0.0-preview.102':
    dependencies:
      '@microsoft/kiota-abstractions': 1.0.0-preview.102
      tslib: 2.8.1

  '@microsoft/kiota-serialization-text@1.0.0-preview.102':
    dependencies:
      '@microsoft/kiota-abstractions': 1.0.0-preview.102
      tslib: 2.8.1

  '@opentelemetry/api@1.9.1': {}

  '@std-uritemplate/std-uritemplate@2.0.10': {}

  tinyduration@3.4.1: {}

  tslib@2.8.1: {}

  typescript@5.9.3: {}
